
Microsoft Visual Studio Solution File, Format Version 12.00
# Visual Studio 15
VisualStudioVersion = 15.0.27130.2027
MinimumVisualStudioVersion = 10.0.40219.1
Project("{FAE04EC0-301F-11D3-BF4B-00C04F79EFBC}") = "P01_HospitalDatabase.Data", "P01_HospitalDatabase.Data\P01_HospitalDatabase.Data.csproj", "{28A8ADAE-1330-4C31-A7AB-F65D2C4E9FEA}"
EndProject
Project("{FAE04EC0-301F-11D3-BF4B-00C04F79EFBC}") = "P01_HospitalDatabase.Data.Models", "P01_HospitalDatabase.Data.Models\P01_HospitalDatabase.Data.Models.csproj", "{047F7E99-EAAA-48F7-A63E-D20CC0B5BD59}"
EndProject
Project("{FAE04EC0-301F-11D3-BF4B-00C04F79EFBC}") = "P01_HospitalDatabase", "P01_HospitalDatabase\P01_HospitalDatabase.csproj", "{735A5D50-1A64-4D5D-A0CE-FF8C8CCC3093}"
EndProject
Project("{FAE04EC0-301F-11D3-BF4B-00C04F79EFBC}") = "HospitalDatabaseInitializer", "HospitalDatabaseInitializer\HospitalDatabaseInitializer.csproj", "{B74A7AFD-F7D0-4384-A933-2931B084F8E2}"
EndProject
Global
	GlobalSection(SolutionConfigurationPlatforms) = preSolution
		Debug|Any CPU = Debug|Any CPU
		Release|Any CPU = Release|Any CPU
	EndGlobalSection
	GlobalSection(ProjectConfigurationPlatforms) = postSolution
		{28A8ADAE-1330-4C31-A7AB-F65D2C4E9FEA}.Debug|Any CPU.ActiveCfg = Debug|Any CPU
		{28A8ADAE-1330-4C31-A7AB-F65D2C4E9FEA}.Debug|Any CPU.Build.0 = Debug|Any CPU
		{28A8ADAE-1330-4C31-A7AB-F65D2C4E9FEA}.Release|Any CPU.ActiveCfg = Release|Any CPU
		{28A8ADAE-1330-4C31-A7AB-F65D2C4E9FEA}.Release|Any CPU.Build.0 = Release|Any CPU
		{047F7E99-EAAA-48F7-A63E-D20CC0B5BD59}.Debug|Any CPU.ActiveCfg = Debug|Any CPU
		{047F7E99-EAAA-48F7-A63E-D20CC0B5BD59}.Debug|Any CPU.Build.0 = Debug|Any CPU
		{047F7E99-EAAA-48F7-A63E-D20CC0B5BD59}.Release|Any CPU.ActiveCfg = Release|Any CPU
		{047F7E99-EAAA-48F7-A63E-D20CC0B5BD59}.Release|Any CPU.Build.0 = Release|Any CPU
		{735A5D50-1A64-4D5D-A0CE-FF8C8CCC3093}.Debug|Any CPU.ActiveCfg = Debug|Any CPU
		{735A5D50-1A64-4D5D-A0CE-FF8C8CCC3093}.Debug|Any CPU.Build.0 = Debug|Any CPU
		{735A5D50-1A64-4D5D-A0CE-FF8C8CCC3093}.Release|Any CPU.ActiveCfg = Release|Any CPU
		{735A5D50-1A64-4D5D-A0CE-FF8C8CCC3093}.Release|Any CPU.Build.0 = Release|Any CPU
		{B74A7AFD-F7D0-4384-A933-2931B084F8E2}.Debug|Any CPU.ActiveCfg = Debug|Any CPU
		{B74A7AFD-F7D0-4384-A933-2931B084F8E2}.Debug|Any CPU.Build.0 = Debug|Any CPU
		{B74A7AFD-F7D0-4384-A933-2931B084F8E2}.Release|Any CPU.ActiveCfg = Release|Any CPU
		{B74A7AFD-F7D0-4384-A933-2931B084F8E2}.Release|Any CPU.Build.0 = Release|Any CPU
	EndGlobalSection
	GlobalSection(SolutionProperties) = preSolution
		HideSolutionNode = FALSE
	EndGlobalSection
	GlobalSection(ExtensibilityGlobals) = postSolution
		SolutionGuid = {9DC61CF2-02C4-4569-B453-4267CA43A2BC}
	EndGlobalSection
EndGlobal
