
Microsoft Visual Studio Solution File, Format Version 12.00
# Visual Studio 15
VisualStudioVersion = 15.0.27130.2027
MinimumVisualStudioVersion = 10.0.40219.1
Project("{FAE04EC0-301F-11D3-BF4B-00C04F79EFBC}") = "P03_SalesDatabase", "P03_SalesDatabase\P03_SalesDatabase.csproj", "{4385A4F1-7D0E-448D-99AC-C29CB9BE3A5F}"
EndProject
Project("{FAE04EC0-301F-11D3-BF4B-00C04F79EFBC}") = "P03_SalesDatabase.Data", "P03_SalesDatabase.Data\P03_SalesDatabase.Data.csproj", "{FEA2B02E-CFAD-4882-88CF-AEA977A0C49F}"
EndProject
Project("{FAE04EC0-301F-11D3-BF4B-00C04F79EFBC}") = "P03_SalesDatabase.Data.Models", "P03_SalesDatabase.Data.Models\P03_SalesDatabase.Data.Models.csproj", "{53241591-AF2C-4185-97A3-19FC5FB92ED5}"
EndProject
Global
	GlobalSection(SolutionConfigurationPlatforms) = preSolution
		Debug|Any CPU = Debug|Any CPU
		Release|Any CPU = Release|Any CPU
	EndGlobalSection
	GlobalSection(ProjectConfigurationPlatforms) = postSolution
		{4385A4F1-7D0E-448D-99AC-C29CB9BE3A5F}.Debug|Any CPU.ActiveCfg = Debug|Any CPU
		{4385A4F1-7D0E-448D-99AC-C29CB9BE3A5F}.Debug|Any CPU.Build.0 = Debug|Any CPU
		{4385A4F1-7D0E-448D-99AC-C29CB9BE3A5F}.Release|Any CPU.ActiveCfg = Release|Any CPU
		{4385A4F1-7D0E-448D-99AC-C29CB9BE3A5F}.Release|Any CPU.Build.0 = Release|Any CPU
		{FEA2B02E-CFAD-4882-88CF-AEA977A0C49F}.Debug|Any CPU.ActiveCfg = Debug|Any CPU
		{FEA2B02E-CFAD-4882-88CF-AEA977A0C49F}.Debug|Any CPU.Build.0 = Debug|Any CPU
		{FEA2B02E-CFAD-4882-88CF-AEA977A0C49F}.Release|Any CPU.ActiveCfg = Release|Any CPU
		{FEA2B02E-CFAD-4882-88CF-AEA977A0C49F}.Release|Any CPU.Build.0 = Release|Any CPU
		{53241591-AF2C-4185-97A3-19FC5FB92ED5}.Debug|Any CPU.ActiveCfg = Debug|Any CPU
		{53241591-AF2C-4185-97A3-19FC5FB92ED5}.Debug|Any CPU.Build.0 = Debug|Any CPU
		{53241591-AF2C-4185-97A3-19FC5FB92ED5}.Release|Any CPU.ActiveCfg = Release|Any CPU
		{53241591-AF2C-4185-97A3-19FC5FB92ED5}.Release|Any CPU.Build.0 = Release|Any CPU
	EndGlobalSection
	GlobalSection(SolutionProperties) = preSolution
		HideSolutionNode = FALSE
	EndGlobalSection
	GlobalSection(ExtensibilityGlobals) = postSolution
		SolutionGuid = {09579F10-B59E-4861-96F1-9359E9DF5060}
	EndGlobalSection
EndGlobal
